
Microsoft Visual Studio Solution File, Format Version 12.00
# Visual Studio Version 17
VisualStudioVersion = 17.9.34723.18
MinimumVisualStudioVersion = 10.0.40219.1
Project("{2150E333-8FDC-42A3-9474-1A3956D46DE8}") = "Services", "Services", "{2D3161E4-8D78-40ED-B15D-0CA746FFFFB5}"
EndProject
Project("{2150E333-8FDC-42A3-9474-1A3956D46DE8}") = "Catalog", "Catalog", "{97291B37-D888-4C32-B0B6-260E9DDCCF67}"
EndProject
Project("{9A19103F-16F7-4668-BE54-9A1E7A4F7556}") = "EShopMicroservices.Services.Catalog.API", "Services\Catalog\EShopMicroservices.Services.Catalog.API\EShopMicroservices.Services.Catalog.API.csproj", "{02E76A6F-0391-41CC-BA02-A9B7969D3182}"
EndProject
Project("{2150E333-8FDC-42A3-9474-1A3956D46DE8}") = "BuildingBlocks", "BuildingBlocks", "{1C716F4C-B813-4BD0-9FD3-EBEE3C3D6ABA}"
EndProject
Project("{9A19103F-16F7-4668-BE54-9A1E7A4F7556}") = "EShopMicroservices.BuildingBlocks", "BuildingBlocks\EShopMicroservices.BuildingBlocks\EShopMicroservices.BuildingBlocks.csproj", "{41CF27D1-5122-4F03-B5EC-DB9518083F2F}"
EndProject
Project("{E53339B2-1760-4266-BCC7-CA923CBCF16C}") = "docker-compose", "docker-compose.dcproj", "{0BED5D6F-A6A8-4268-A494-C345FEE1A7F3}"
EndProject
Project("{2150E333-8FDC-42A3-9474-1A3956D46DE8}") = "Basket", "Basket", "{5A81BBF1-74B0-4AB3-968F-3521A31ED9CD}"
EndProject
Project("{9A19103F-16F7-4668-BE54-9A1E7A4F7556}") = "EShopMicroservices.Services.Basket.API", "Services\Basket\EShopMicroservices.Services.Basket.API\EShopMicroservices.Services.Basket.API.csproj", "{67CCEDFE-0914-4A11-9946-2026B65ACD09}"
EndProject
Project("{2150E333-8FDC-42A3-9474-1A3956D46DE8}") = "Discount", "Discount", "{DD9E2529-2391-4BDF-A18B-96C50FC118C5}"
EndProject
Project("{9A19103F-16F7-4668-BE54-9A1E7A4F7556}") = "EShopMicroservices.Services.Discount.Grpc", "Services\Discount\EShopMicroservices.Services.Discount.Grpc\EShopMicroservices.Services.Discount.Grpc.csproj", "{B395A873-56D2-439E-A639-B4AF151EA713}"
EndProject
Project("{2150E333-8FDC-42A3-9474-1A3956D46DE8}") = "Ordering", "Ordering", "{FC2180A0-7131-4127-8B9A-4A853C2E69C1}"
EndProject
Project("{9A19103F-16F7-4668-BE54-9A1E7A4F7556}") = "EShopMicroservices.Services.Ordering.API", "Services\Ordering\EShopMicroservices.Services.Ordering.API\EShopMicroservices.Services.Ordering.API.csproj", "{7DEB3859-F3C3-4414-9E7A-1DBD8466FB9B}"
EndProject
Project("{9A19103F-16F7-4668-BE54-9A1E7A4F7556}") = "EShopMicroservices.Services.Ordering.Domain", "Services\Ordering\EShopMicroservices.Services.Ordering.Domain\EShopMicroservices.Services.Ordering.Domain.csproj", "{8A7BC607-839F-432D-972C-24C275ECC14D}"
EndProject
Project("{9A19103F-16F7-4668-BE54-9A1E7A4F7556}") = "EShopMicroservices.Services.Ordering.Application", "Services\Ordering\EShopMicroservices.Services.Ordering.Application\EShopMicroservices.Services.Ordering.Application.csproj", "{78BC6E6E-817E-4DF2-905D-376266D95CC3}"
EndProject
Project("{9A19103F-16F7-4668-BE54-9A1E7A4F7556}") = "EShopMicroservices.Services.Ordering.Infrastructure", "Services\Ordering\EShopMicroservices.Services.Ordering.Infrastructure\EShopMicroservices.Services.Ordering.Infrastructure.csproj", "{B6C4875C-CAEE-496B-8F0E-165EEB40A4BC}"
EndProject
Project("{9A19103F-16F7-4668-BE54-9A1E7A4F7556}") = "EShopMicroservices.BuildingBlocks.Messaging", "BuildingBlocks\EShopMicroservices.BuildingBlocks.Messaging\EShopMicroservices.BuildingBlocks.Messaging.csproj", "{0ACA60B5-F0B9-41F7-A26C-C485725A03A4}"
EndProject
Project("{2150E333-8FDC-42A3-9474-1A3956D46DE8}") = "ApiGateways", "ApiGateways", "{E4B4A9FC-4526-473B-902F-1995FB93E7FE}"
EndProject
Project("{FAE04EC0-301F-11D3-BF4B-00C04F79EFBC}") = "EShopMicroservices.ApiGateways.Web", "ApiGateways\EShopMicroservices.ApiGateways.Web\EShopMicroservices.ApiGateways.Web.csproj", "{79330A9A-537B-4405-B267-0B6949DEEC1E}"
EndProject
Global
	GlobalSection(SolutionConfigurationPlatforms) = preSolution
		Debug|Any CPU = Debug|Any CPU
		Release|Any CPU = Release|Any CPU
	EndGlobalSection
	GlobalSection(ProjectConfigurationPlatforms) = postSolution
		{02E76A6F-0391-41CC-BA02-A9B7969D3182}.Debug|Any CPU.ActiveCfg = Debug|Any CPU
		{02E76A6F-0391-41CC-BA02-A9B7969D3182}.Debug|Any CPU.Build.0 = Debug|Any CPU
		{02E76A6F-0391-41CC-BA02-A9B7969D3182}.Release|Any CPU.ActiveCfg = Release|Any CPU
		{02E76A6F-0391-41CC-BA02-A9B7969D3182}.Release|Any CPU.Build.0 = Release|Any CPU
		{41CF27D1-5122-4F03-B5EC-DB9518083F2F}.Debug|Any CPU.ActiveCfg = Debug|Any CPU
		{41CF27D1-5122-4F03-B5EC-DB9518083F2F}.Debug|Any CPU.Build.0 = Debug|Any CPU
		{41CF27D1-5122-4F03-B5EC-DB9518083F2F}.Release|Any CPU.ActiveCfg = Release|Any CPU
		{41CF27D1-5122-4F03-B5EC-DB9518083F2F}.Release|Any CPU.Build.0 = Release|Any CPU
		{0BED5D6F-A6A8-4268-A494-C345FEE1A7F3}.Debug|Any CPU.ActiveCfg = Debug|Any CPU
		{0BED5D6F-A6A8-4268-A494-C345FEE1A7F3}.Debug|Any CPU.Build.0 = Debug|Any CPU
		{0BED5D6F-A6A8-4268-A494-C345FEE1A7F3}.Release|Any CPU.ActiveCfg = Release|Any CPU
		{0BED5D6F-A6A8-4268-A494-C345FEE1A7F3}.Release|Any CPU.Build.0 = Release|Any CPU
		{67CCEDFE-0914-4A11-9946-2026B65ACD09}.Debug|Any CPU.ActiveCfg = Debug|Any CPU
		{67CCEDFE-0914-4A11-9946-2026B65ACD09}.Debug|Any CPU.Build.0 = Debug|Any CPU
		{67CCEDFE-0914-4A11-9946-2026B65ACD09}.Release|Any CPU.ActiveCfg = Release|Any CPU
		{67CCEDFE-0914-4A11-9946-2026B65ACD09}.Release|Any CPU.Build.0 = Release|Any CPU
		{B395A873-56D2-439E-A639-B4AF151EA713}.Debug|Any CPU.ActiveCfg = Debug|Any CPU
		{B395A873-56D2-439E-A639-B4AF151EA713}.Debug|Any CPU.Build.0 = Debug|Any CPU
		{B395A873-56D2-439E-A639-B4AF151EA713}.Release|Any CPU.ActiveCfg = Release|Any CPU
		{B395A873-56D2-439E-A639-B4AF151EA713}.Release|Any CPU.Build.0 = Release|Any CPU
		{7DEB3859-F3C3-4414-9E7A-1DBD8466FB9B}.Debug|Any CPU.ActiveCfg = Debug|Any CPU
		{7DEB3859-F3C3-4414-9E7A-1DBD8466FB9B}.Debug|Any CPU.Build.0 = Debug|Any CPU
		{7DEB3859-F3C3-4414-9E7A-1DBD8466FB9B}.Release|Any CPU.ActiveCfg = Release|Any CPU
		{7DEB3859-F3C3-4414-9E7A-1DBD8466FB9B}.Release|Any CPU.Build.0 = Release|Any CPU
		{8A7BC607-839F-432D-972C-24C275ECC14D}.Debug|Any CPU.ActiveCfg = Debug|Any CPU
		{8A7BC607-839F-432D-972C-24C275ECC14D}.Debug|Any CPU.Build.0 = Debug|Any CPU
		{8A7BC607-839F-432D-972C-24C275ECC14D}.Release|Any CPU.ActiveCfg = Release|Any CPU
		{8A7BC607-839F-432D-972C-24C275ECC14D}.Release|Any CPU.Build.0 = Release|Any CPU
		{78BC6E6E-817E-4DF2-905D-376266D95CC3}.Debug|Any CPU.ActiveCfg = Debug|Any CPU
		{78BC6E6E-817E-4DF2-905D-376266D95CC3}.Debug|Any CPU.Build.0 = Debug|Any CPU
		{78BC6E6E-817E-4DF2-905D-376266D95CC3}.Release|Any CPU.ActiveCfg = Release|Any CPU
		{78BC6E6E-817E-4DF2-905D-376266D95CC3}.Release|Any CPU.Build.0 = Release|Any CPU
		{B6C4875C-CAEE-496B-8F0E-165EEB40A4BC}.Debug|Any CPU.ActiveCfg = Debug|Any CPU
		{B6C4875C-CAEE-496B-8F0E-165EEB40A4BC}.Debug|Any CPU.Build.0 = Debug|Any CPU
		{B6C4875C-CAEE-496B-8F0E-165EEB40A4BC}.Release|Any CPU.ActiveCfg = Release|Any CPU
		{B6C4875C-CAEE-496B-8F0E-165EEB40A4BC}.Release|Any CPU.Build.0 = Release|Any CPU
		{0ACA60B5-F0B9-41F7-A26C-C485725A03A4}.Debug|Any CPU.ActiveCfg = Debug|Any CPU
		{0ACA60B5-F0B9-41F7-A26C-C485725A03A4}.Debug|Any CPU.Build.0 = Debug|Any CPU
		{0ACA60B5-F0B9-41F7-A26C-C485725A03A4}.Release|Any CPU.ActiveCfg = Release|Any CPU
		{0ACA60B5-F0B9-41F7-A26C-C485725A03A4}.Release|Any CPU.Build.0 = Release|Any CPU
		{79330A9A-537B-4405-B267-0B6949DEEC1E}.Debug|Any CPU.ActiveCfg = Debug|Any CPU
		{79330A9A-537B-4405-B267-0B6949DEEC1E}.Debug|Any CPU.Build.0 = Debug|Any CPU
		{79330A9A-537B-4405-B267-0B6949DEEC1E}.Release|Any CPU.ActiveCfg = Release|Any CPU
		{79330A9A-537B-4405-B267-0B6949DEEC1E}.Release|Any CPU.Build.0 = Release|Any CPU
	EndGlobalSection
	GlobalSection(SolutionProperties) = preSolution
		HideSolutionNode = FALSE
	EndGlobalSection
	GlobalSection(NestedProjects) = preSolution
		{97291B37-D888-4C32-B0B6-260E9DDCCF67} = {2D3161E4-8D78-40ED-B15D-0CA746FFFFB5}
		{02E76A6F-0391-41CC-BA02-A9B7969D3182} = {97291B37-D888-4C32-B0B6-260E9DDCCF67}
		{41CF27D1-5122-4F03-B5EC-DB9518083F2F} = {1C716F4C-B813-4BD0-9FD3-EBEE3C3D6ABA}
		{5A81BBF1-74B0-4AB3-968F-3521A31ED9CD} = {2D3161E4-8D78-40ED-B15D-0CA746FFFFB5}
		{67CCEDFE-0914-4A11-9946-2026B65ACD09} = {5A81BBF1-74B0-4AB3-968F-3521A31ED9CD}
		{DD9E2529-2391-4BDF-A18B-96C50FC118C5} = {2D3161E4-8D78-40ED-B15D-0CA746FFFFB5}
		{B395A873-56D2-439E-A639-B4AF151EA713} = {DD9E2529-2391-4BDF-A18B-96C50FC118C5}
		{FC2180A0-7131-4127-8B9A-4A853C2E69C1} = {2D3161E4-8D78-40ED-B15D-0CA746FFFFB5}
		{7DEB3859-F3C3-4414-9E7A-1DBD8466FB9B} = {FC2180A0-7131-4127-8B9A-4A853C2E69C1}
		{8A7BC607-839F-432D-972C-24C275ECC14D} = {FC2180A0-7131-4127-8B9A-4A853C2E69C1}
		{78BC6E6E-817E-4DF2-905D-376266D95CC3} = {FC2180A0-7131-4127-8B9A-4A853C2E69C1}
		{B6C4875C-CAEE-496B-8F0E-165EEB40A4BC} = {FC2180A0-7131-4127-8B9A-4A853C2E69C1}
		{0ACA60B5-F0B9-41F7-A26C-C485725A03A4} = {1C716F4C-B813-4BD0-9FD3-EBEE3C3D6ABA}
		{79330A9A-537B-4405-B267-0B6949DEEC1E} = {E4B4A9FC-4526-473B-902F-1995FB93E7FE}
	EndGlobalSection
	GlobalSection(ExtensibilityGlobals) = postSolution
		SolutionGuid = {DAFDB4D8-3DF7-422E-8B26-87CE27E82AED}
	EndGlobalSection
EndGlobal
